
Microsoft Visual Studio Solution File, Format Version 12.00
# Visual Studio Version 16
VisualStudioVersion = 16.0.31624.102
MinimumVisualStudioVersion = 10.0.40219.1
Project("{FAE04EC0-301F-11D3-BF4B-00C04F79EFBC}") = "Тыкалка", "Тыкалка\Тыкалка.csproj", "{43373D70-EA95-4012-9991-F3275FDFA4AB}"
EndProject
Global
	GlobalSection(SolutionConfigurationPlatforms) = preSolution
		Debug|Any CPU = Debug|Any CPU
		Release|Any CPU = Release|Any CPU
	EndGlobalSection
	GlobalSection(ProjectConfigurationPlatforms) = postSolution
		{43373D70-EA95-4012-9991-F3275FDFA4AB}.Debug|Any CPU.ActiveCfg = Debug|Any CPU
		{43373D70-EA95-4012-9991-F3275FDFA4AB}.Debug|Any CPU.Build.0 = Debug|Any CPU
		{43373D70-EA95-4012-9991-F3275FDFA4AB}.Release|Any CPU.ActiveCfg = Release|Any CPU
		{43373D70-EA95-4012-9991-F3275FDFA4AB}.Release|Any CPU.Build.0 = Release|Any CPU
	EndGlobalSection
	GlobalSection(SolutionProperties) = preSolution
		HideSolutionNode = FALSE
	EndGlobalSection
	GlobalSection(ExtensibilityGlobals) = postSolution
		SolutionGuid = {494A2310-592A-4A62-9F5B-9D04696ACFFB}
	EndGlobalSection
EndGlobal
